
Microsoft Visual Studio Solution File, Format Version 12.00
# Visual Studio Version 17
VisualStudioVersion = 17.5.33627.172
MinimumVisualStudioVersion = 10.0.40219.1
Project("{FAE04EC0-301F-11D3-BF4B-00C04F79EFBC}") = "2P11", "2P11\2P11.csproj", "{01352DD1-397A-4059-B867-ECD7DF5810AF}"
EndProject
Global
	GlobalSection(SolutionConfigurationPlatforms) = preSolution
		Debug|Any CPU = Debug|Any CPU
		Release|Any CPU = Release|Any CPU
	EndGlobalSection
	GlobalSection(ProjectConfigurationPlatforms) = postSolution
		{01352DD1-397A-4059-B867-ECD7DF5810AF}.Debug|Any CPU.ActiveCfg = Debug|Any CPU
		{01352DD1-397A-4059-B867-ECD7DF5810AF}.Debug|Any CPU.Build.0 = Debug|Any CPU
		{01352DD1-397A-4059-B867-ECD7DF5810AF}.Release|Any CPU.ActiveCfg = Release|Any CPU
		{01352DD1-397A-4059-B867-ECD7DF5810AF}.Release|Any CPU.Build.0 = Release|Any CPU
	EndGlobalSection
	GlobalSection(SolutionProperties) = preSolution
		HideSolutionNode = FALSE
	EndGlobalSection
	GlobalSection(ExtensibilityGlobals) = postSolution
		SolutionGuid = {B3A85F23-BFA3-43FD-A0C0-960AF6E1005D}
	EndGlobalSection
EndGlobal
